
Microsoft Visual Studio Solution File, Format Version 12.00
# Visual Studio Version 17
VisualStudioVersion = 17.6.33829.357
MinimumVisualStudioVersion = 10.0.40219.1
Project("{FAE04EC0-301F-11D3-BF4B-00C04F79EFBC}") = "Homework_1", "Homework_1\Homework_1.csproj", "{6B6049E4-4D63-4989-9C04-1FFF30ADC8A1}"
EndProject
Project("{FAE04EC0-301F-11D3-BF4B-00C04F79EFBC}") = "Homework 2", "Homework 2\Homework 2.csproj", "{82F0A5E2-F45D-43A1-A710-1EFEE196E7C6}"
EndProject
Project("{FAE04EC0-301F-11D3-BF4B-00C04F79EFBC}") = "Homework 3", "Homework 3\Homework 3.csproj", "{8D056ABD-5857-479B-A39A-E7E1A8B76C01}"
EndProject
Project("{FAE04EC0-301F-11D3-BF4B-00C04F79EFBC}") = "Homework 3.2", "Homework 3.2\Homework 3.2.csproj", "{3FEEBA5C-5C98-471B-8C63-9C3D0619B7F7}"
EndProject
Project("{FAE04EC0-301F-11D3-BF4B-00C04F79EFBC}") = "Homework 4", "Homework 4\Homework 4.csproj", "{C6E8D38F-F431-4165-B8B0-6E7E84831EE8}"
EndProject
Project("{FAE04EC0-301F-11D3-BF4B-00C04F79EFBC}") = "Homevork 5", "Homevork 5\Homevork 5.csproj", "{CB811AA4-DCD3-47A4-93CD-B9EB30EEAA2E}"
EndProject
Project("{FAE04EC0-301F-11D3-BF4B-00C04F79EFBC}") = "Homework_5.2", "Homework_5.2\Homework_5.2.csproj", "{C426A42E-4024-4F30-AFC0-1B01A6C4A8EE}"
EndProject
Project("{FAE04EC0-301F-11D3-BF4B-00C04F79EFBC}") = "Homework_5.3", "Homework_5.3\Homework_5.3.csproj", "{EFE2EB3E-3FA3-44B3-BFF6-388568513E28}"
EndProject
Project("{FAE04EC0-301F-11D3-BF4B-00C04F79EFBC}") = "Homework 5.4", "Homework 5.4\Homework 5.4.csproj", "{B0915A10-A42A-4EE5-B5E3-A539E23357AF}"
EndProject
Project("{FAE04EC0-301F-11D3-BF4B-00C04F79EFBC}") = "Homework 5.5", "Homework 5.5\Homework 5.5.csproj", "{A7DED205-E9D5-4596-A94A-651DA7F03E05}"
EndProject
Project("{FAE04EC0-301F-11D3-BF4B-00C04F79EFBC}") = "Homework5_4.3", "Homework5_4.3\Homework5_4.3.csproj", "{88739ADF-457E-48B3-82DE-0DEE98C964FB}"
EndProject
Project("{FAE04EC0-301F-11D3-BF4B-00C04F79EFBC}") = "Homework 6", "Homework 6\Homework 6.csproj", "{890669D8-2409-4447-B1B9-CF2CF10D94BA}"
EndProject
Project("{FAE04EC0-301F-11D3-BF4B-00C04F79EFBC}") = "Homework 6.3", "Homework 6.3\Homework 6.3.csproj", "{0996AF61-7511-45E6-A1F9-382996560A3D}"
EndProject
Project("{FAE04EC0-301F-11D3-BF4B-00C04F79EFBC}") = "Homework 6.3.2", "Homework 6.3.2\Homework 6.3.2.csproj", "{33089244-3E91-4A50-893E-3F7E70593861}"
EndProject
Project("{FAE04EC0-301F-11D3-BF4B-00C04F79EFBC}") = "Homework 6 3 2", "Homework 6 3 2\Homework 6 3 2.csproj", "{D868B1EB-8A08-4A53-8331-DC1C603F6127}"
EndProject
Project("{9A19103F-16F7-4668-BE54-9A1E7A4F7556}") = "Homework_7", "Homework_7\Homework_7.csproj", "{C32252A1-0CD6-404D-A4EF-7A4692980863}"
EndProject
Project("{9A19103F-16F7-4668-BE54-9A1E7A4F7556}") = "Homework_7_task_2", "Homework_7_task_2\Homework_7_task_2.csproj", "{C50DFB7B-3F04-4F74-B496-5C9EA3405FED}"
EndProject
Global
	GlobalSection(SolutionConfigurationPlatforms) = preSolution
		Debug|Any CPU = Debug|Any CPU
		Release|Any CPU = Release|Any CPU
	EndGlobalSection
	GlobalSection(ProjectConfigurationPlatforms) = postSolution
		{6B6049E4-4D63-4989-9C04-1FFF30ADC8A1}.Debug|Any CPU.ActiveCfg = Debug|Any CPU
		{6B6049E4-4D63-4989-9C04-1FFF30ADC8A1}.Debug|Any CPU.Build.0 = Debug|Any CPU
		{6B6049E4-4D63-4989-9C04-1FFF30ADC8A1}.Release|Any CPU.ActiveCfg = Release|Any CPU
		{6B6049E4-4D63-4989-9C04-1FFF30ADC8A1}.Release|Any CPU.Build.0 = Release|Any CPU
		{82F0A5E2-F45D-43A1-A710-1EFEE196E7C6}.Debug|Any CPU.ActiveCfg = Debug|Any CPU
		{82F0A5E2-F45D-43A1-A710-1EFEE196E7C6}.Debug|Any CPU.Build.0 = Debug|Any CPU
		{82F0A5E2-F45D-43A1-A710-1EFEE196E7C6}.Release|Any CPU.ActiveCfg = Release|Any CPU
		{82F0A5E2-F45D-43A1-A710-1EFEE196E7C6}.Release|Any CPU.Build.0 = Release|Any CPU
		{8D056ABD-5857-479B-A39A-E7E1A8B76C01}.Debug|Any CPU.ActiveCfg = Debug|Any CPU
		{8D056ABD-5857-479B-A39A-E7E1A8B76C01}.Debug|Any CPU.Build.0 = Debug|Any CPU
		{8D056ABD-5857-479B-A39A-E7E1A8B76C01}.Release|Any CPU.ActiveCfg = Release|Any CPU
		{8D056ABD-5857-479B-A39A-E7E1A8B76C01}.Release|Any CPU.Build.0 = Release|Any CPU
		{3FEEBA5C-5C98-471B-8C63-9C3D0619B7F7}.Debug|Any CPU.ActiveCfg = Debug|Any CPU
		{3FEEBA5C-5C98-471B-8C63-9C3D0619B7F7}.Debug|Any CPU.Build.0 = Debug|Any CPU
		{3FEEBA5C-5C98-471B-8C63-9C3D0619B7F7}.Release|Any CPU.ActiveCfg = Release|Any CPU
		{3FEEBA5C-5C98-471B-8C63-9C3D0619B7F7}.Release|Any CPU.Build.0 = Release|Any CPU
		{C6E8D38F-F431-4165-B8B0-6E7E84831EE8}.Debug|Any CPU.ActiveCfg = Debug|Any CPU
		{C6E8D38F-F431-4165-B8B0-6E7E84831EE8}.Debug|Any CPU.Build.0 = Debug|Any CPU
		{C6E8D38F-F431-4165-B8B0-6E7E84831EE8}.Release|Any CPU.ActiveCfg = Release|Any CPU
		{C6E8D38F-F431-4165-B8B0-6E7E84831EE8}.Release|Any CPU.Build.0 = Release|Any CPU
		{CB811AA4-DCD3-47A4-93CD-B9EB30EEAA2E}.Debug|Any CPU.ActiveCfg = Debug|Any CPU
		{CB811AA4-DCD3-47A4-93CD-B9EB30EEAA2E}.Debug|Any CPU.Build.0 = Debug|Any CPU
		{CB811AA4-DCD3-47A4-93CD-B9EB30EEAA2E}.Release|Any CPU.ActiveCfg = Release|Any CPU
		{CB811AA4-DCD3-47A4-93CD-B9EB30EEAA2E}.Release|Any CPU.Build.0 = Release|Any CPU
		{C426A42E-4024-4F30-AFC0-1B01A6C4A8EE}.Debug|Any CPU.ActiveCfg = Debug|Any CPU
		{C426A42E-4024-4F30-AFC0-1B01A6C4A8EE}.Debug|Any CPU.Build.0 = Debug|Any CPU
		{C426A42E-4024-4F30-AFC0-1B01A6C4A8EE}.Release|Any CPU.ActiveCfg = Release|Any CPU
		{C426A42E-4024-4F30-AFC0-1B01A6C4A8EE}.Release|Any CPU.Build.0 = Release|Any CPU
		{EFE2EB3E-3FA3-44B3-BFF6-388568513E28}.Debug|Any CPU.ActiveCfg = Debug|Any CPU
		{EFE2EB3E-3FA3-44B3-BFF6-388568513E28}.Debug|Any CPU.Build.0 = Debug|Any CPU
		{EFE2EB3E-3FA3-44B3-BFF6-388568513E28}.Release|Any CPU.ActiveCfg = Release|Any CPU
		{EFE2EB3E-3FA3-44B3-BFF6-388568513E28}.Release|Any CPU.Build.0 = Release|Any CPU
		{B0915A10-A42A-4EE5-B5E3-A539E23357AF}.Debug|Any CPU.ActiveCfg = Debug|Any CPU
		{B0915A10-A42A-4EE5-B5E3-A539E23357AF}.Debug|Any CPU.Build.0 = Debug|Any CPU
		{B0915A10-A42A-4EE5-B5E3-A539E23357AF}.Release|Any CPU.ActiveCfg = Release|Any CPU
		{B0915A10-A42A-4EE5-B5E3-A539E23357AF}.Release|Any CPU.Build.0 = Release|Any CPU
		{A7DED205-E9D5-4596-A94A-651DA7F03E05}.Debug|Any CPU.ActiveCfg = Debug|Any CPU
		{A7DED205-E9D5-4596-A94A-651DA7F03E05}.Debug|Any CPU.Build.0 = Debug|Any CPU
		{A7DED205-E9D5-4596-A94A-651DA7F03E05}.Release|Any CPU.ActiveCfg = Release|Any CPU
		{A7DED205-E9D5-4596-A94A-651DA7F03E05}.Release|Any CPU.Build.0 = Release|Any CPU
		{88739ADF-457E-48B3-82DE-0DEE98C964FB}.Debug|Any CPU.ActiveCfg = Debug|Any CPU
		{88739ADF-457E-48B3-82DE-0DEE98C964FB}.Debug|Any CPU.Build.0 = Debug|Any CPU
		{88739ADF-457E-48B3-82DE-0DEE98C964FB}.Release|Any CPU.ActiveCfg = Release|Any CPU
		{88739ADF-457E-48B3-82DE-0DEE98C964FB}.Release|Any CPU.Build.0 = Release|Any CPU
		{890669D8-2409-4447-B1B9-CF2CF10D94BA}.Debug|Any CPU.ActiveCfg = Debug|Any CPU
		{890669D8-2409-4447-B1B9-CF2CF10D94BA}.Debug|Any CPU.Build.0 = Debug|Any CPU
		{890669D8-2409-4447-B1B9-CF2CF10D94BA}.Release|Any CPU.ActiveCfg = Release|Any CPU
		{890669D8-2409-4447-B1B9-CF2CF10D94BA}.Release|Any CPU.Build.0 = Release|Any CPU
		{0996AF61-7511-45E6-A1F9-382996560A3D}.Debug|Any CPU.ActiveCfg = Debug|Any CPU
		{0996AF61-7511-45E6-A1F9-382996560A3D}.Debug|Any CPU.Build.0 = Debug|Any CPU
		{0996AF61-7511-45E6-A1F9-382996560A3D}.Release|Any CPU.ActiveCfg = Release|Any CPU
		{0996AF61-7511-45E6-A1F9-382996560A3D}.Release|Any CPU.Build.0 = Release|Any CPU
		{33089244-3E91-4A50-893E-3F7E70593861}.Debug|Any CPU.ActiveCfg = Debug|Any CPU
		{33089244-3E91-4A50-893E-3F7E70593861}.Debug|Any CPU.Build.0 = Debug|Any CPU
		{33089244-3E91-4A50-893E-3F7E70593861}.Release|Any CPU.ActiveCfg = Release|Any CPU
		{33089244-3E91-4A50-893E-3F7E70593861}.Release|Any CPU.Build.0 = Release|Any CPU
		{D868B1EB-8A08-4A53-8331-DC1C603F6127}.Debug|Any CPU.ActiveCfg = Debug|Any CPU
		{D868B1EB-8A08-4A53-8331-DC1C603F6127}.Debug|Any CPU.Build.0 = Debug|Any CPU
		{D868B1EB-8A08-4A53-8331-DC1C603F6127}.Release|Any CPU.ActiveCfg = Release|Any CPU
		{D868B1EB-8A08-4A53-8331-DC1C603F6127}.Release|Any CPU.Build.0 = Release|Any CPU
		{C32252A1-0CD6-404D-A4EF-7A4692980863}.Debug|Any CPU.ActiveCfg = Debug|Any CPU
		{C32252A1-0CD6-404D-A4EF-7A4692980863}.Debug|Any CPU.Build.0 = Debug|Any CPU
		{C32252A1-0CD6-404D-A4EF-7A4692980863}.Release|Any CPU.ActiveCfg = Release|Any CPU
		{C32252A1-0CD6-404D-A4EF-7A4692980863}.Release|Any CPU.Build.0 = Release|Any CPU
		{C50DFB7B-3F04-4F74-B496-5C9EA3405FED}.Debug|Any CPU.ActiveCfg = Debug|Any CPU
		{C50DFB7B-3F04-4F74-B496-5C9EA3405FED}.Debug|Any CPU.Build.0 = Debug|Any CPU
		{C50DFB7B-3F04-4F74-B496-5C9EA3405FED}.Release|Any CPU.ActiveCfg = Release|Any CPU
		{C50DFB7B-3F04-4F74-B496-5C9EA3405FED}.Release|Any CPU.Build.0 = Release|Any CPU
	EndGlobalSection
	GlobalSection(SolutionProperties) = preSolution
		HideSolutionNode = FALSE
	EndGlobalSection
	GlobalSection(ExtensibilityGlobals) = postSolution
		SolutionGuid = {85A0F2DC-BE70-40E3-9F9D-12A140770FE6}
	EndGlobalSection
EndGlobal
